
Microsoft Visual Studio Solution File, Format Version 12.00
# Visual Studio 2012
Project("{FAE04EC0-301F-11D3-BF4B-00C04F79EFBC}") = "InspirationNow", "InspirationNow\InspirationNow.csproj", "{1C55A15F-085A-48DA-A1A5-3D055C49CDEC}"
EndProject
Global
	GlobalSection(TeamFoundationVersionControl) = preSolution
		SccNumberOfProjects = 2
		SccEnterpriseProvider = {4CA58AB2-18FA-4F8D-95D4-32DDF27D184C}
		SccTeamFoundationServer = https://simhal.visualstudio.com/defaultcollection
		SccLocalPath0 = .
		SccProjectUniqueName1 = InspirationNow\\InspirationNow.csproj
		SccProjectName1 = InspirationNow
		SccLocalPath1 = InspirationNow
	EndGlobalSection
	GlobalSection(SolutionConfigurationPlatforms) = preSolution
		Debug|Any CPU = Debug|Any CPU
		Debug|ARM = Debug|ARM
		Debug|x64 = Debug|x64
		Debug|x86 = Debug|x86
		Release|Any CPU = Release|Any CPU
		Release|ARM = Release|ARM
		Release|x64 = Release|x64
		Release|x86 = Release|x86
	EndGlobalSection
	GlobalSection(ProjectConfigurationPlatforms) = postSolution
		{1C55A15F-085A-48DA-A1A5-3D055C49CDEC}.Debug|Any CPU.ActiveCfg = Debug|Any CPU
		{1C55A15F-085A-48DA-A1A5-3D055C49CDEC}.Debug|Any CPU.Build.0 = Debug|Any CPU
		{1C55A15F-085A-48DA-A1A5-3D055C49CDEC}.Debug|Any CPU.Deploy.0 = Debug|Any CPU
		{1C55A15F-085A-48DA-A1A5-3D055C49CDEC}.Debug|ARM.ActiveCfg = Debug|ARM
		{1C55A15F-085A-48DA-A1A5-3D055C49CDEC}.Debug|ARM.Build.0 = Debug|ARM
		{1C55A15F-085A-48DA-A1A5-3D055C49CDEC}.Debug|ARM.Deploy.0 = Debug|ARM
		{1C55A15F-085A-48DA-A1A5-3D055C49CDEC}.Debug|x64.ActiveCfg = Debug|x64
		{1C55A15F-085A-48DA-A1A5-3D055C49CDEC}.Debug|x64.Build.0 = Debug|x64
		{1C55A15F-085A-48DA-A1A5-3D055C49CDEC}.Debug|x64.Deploy.0 = Debug|x64
		{1C55A15F-085A-48DA-A1A5-3D055C49CDEC}.Debug|x86.ActiveCfg = Debug|x86
		{1C55A15F-085A-48DA-A1A5-3D055C49CDEC}.Debug|x86.Build.0 = Debug|x86
		{1C55A15F-085A-48DA-A1A5-3D055C49CDEC}.Debug|x86.Deploy.0 = Debug|x86
		{1C55A15F-085A-48DA-A1A5-3D055C49CDEC}.Release|Any CPU.ActiveCfg = Release|Any CPU
		{1C55A15F-085A-48DA-A1A5-3D055C49CDEC}.Release|Any CPU.Build.0 = Release|Any CPU
		{1C55A15F-085A-48DA-A1A5-3D055C49CDEC}.Release|Any CPU.Deploy.0 = Release|Any CPU
		{1C55A15F-085A-48DA-A1A5-3D055C49CDEC}.Release|ARM.ActiveCfg = Release|ARM
		{1C55A15F-085A-48DA-A1A5-3D055C49CDEC}.Release|ARM.Build.0 = Release|ARM
		{1C55A15F-085A-48DA-A1A5-3D055C49CDEC}.Release|ARM.Deploy.0 = Release|ARM
		{1C55A15F-085A-48DA-A1A5-3D055C49CDEC}.Release|x64.ActiveCfg = Release|x64
		{1C55A15F-085A-48DA-A1A5-3D055C49CDEC}.Release|x64.Build.0 = Release|x64
		{1C55A15F-085A-48DA-A1A5-3D055C49CDEC}.Release|x64.Deploy.0 = Release|x64
		{1C55A15F-085A-48DA-A1A5-3D055C49CDEC}.Release|x86.ActiveCfg = Release|x86
		{1C55A15F-085A-48DA-A1A5-3D055C49CDEC}.Release|x86.Build.0 = Release|x86
		{1C55A15F-085A-48DA-A1A5-3D055C49CDEC}.Release|x86.Deploy.0 = Release|x86
	EndGlobalSection
	GlobalSection(SolutionProperties) = preSolution
		HideSolutionNode = FALSE
	EndGlobalSection
EndGlobal
